<?xml version="1.0" encoding="utf-8"?>
<Project ToolsVersion="4.0" xmlns="http://schemas.microsoft.com/developer/msbuild/2003">
  <ItemGroup>
    <Filter Include="源文件">
      <UniqueIdentifier>{4FC737F1-C7A5-4376-A066-2A32D752A2FF}</UniqueIdentifier>
      <Extensions>cpp;c;cc;cxx;def;odl;idl;hpj;bat;asm;asmx</Extensions>
    </Filter>
    <Filter Include="头文件">
      <UniqueIdentifier>{93995380-89BD-4b04-88EB-625FBE52EBFB}</UniqueIdentifier>
      <Extensions>h;hh;hpp;hxx;hm;inl;inc;ipp;xsd</Extensions>
    </Filter>
    <Filter Include="资源文件">
      <UniqueIdentifier>{67DA6AB6-F800-4c08-8B7A-83BB121AAD01}</UniqueIdentifier>
      <Extensions>rc;ico;cur;bmp;dlg;rc2;rct;bin;rgs;gif;jpg;jpeg;jpe;resx;tiff;tif;png;wav;mfcribbon-ms</Extensions>
    </Filter>
  </ItemGroup>
  <ItemGroup>
    <ClCompile Include="Src\main.cpp">
      <Filter>源文件</Filter>
    </ClCompile>
    <ClCompile Include="Src\Utils.cpp">
      <Filter>源文件</Filter>
    </ClCompile>
    <ClCompile Include="Src\Objects\Mesh.cpp">
      <Filter>源文件</Filter>
    </ClCompile>
    <ClCompile Include="Src\Objects\Object.cpp">
      <Filter>源文件</Filter>
    </ClCompile>
    <ClCompile Include="Src\Objects\BaseComponents.cpp">
      <Filter>源文件</Filter>
    </ClCompile>
    <ClCompile Include="Src\Objects\GameObject.cpp">
      <Filter>源文件</Filter>
    </ClCompile>
    <ClCompile Include="Src\Objects\World.cpp">
      <Filter>源文件</Filter>
    </ClCompile>
    <ClCompile Include="Src\SubSystems\FileSystem.cpp">
      <Filter>源文件</Filter>
    </ClCompile>
    <ClCompile Include="Src\SubSystems\Debug.cpp">
      <Filter>源文件</Filter>
    </ClCompile>
    <ClCompile Include="Src\SubSystems\Profiler.cpp">
      <Filter>源文件</Filter>
    </ClCompile>
    <ClCompile Include="Src\SubSystems\ResourceManager.cpp">
      <Filter>源文件</Filter>
    </ClCompile>
    <ClCompile Include="Src\Memory\Allocator.cpp">
      <Filter>源文件</Filter>
    </ClCompile>
    <ClCompile Include="Src\Application.cpp">
      <Filter>源文件</Filter>
    </ClCompile>
    <ClCompile Include="Src\SubSystems\RenderSystem.cpp">
      <Filter>源文件</Filter>
    </ClCompile>
    <ClCompile Include="Src\SubSystems\InputManager.cpp">
      <Filter>源文件</Filter>
    </ClCompile>
    <ClCompile Include="Src\Objects\Camera.cpp">
      <Filter>源文件</Filter>
    </ClCompile>
    <ClCompile Include="Src\Objects\Light.cpp">
      <Filter>源文件</Filter>
    </ClCompile>
    <ClCompile Include="Src\SubSystems\WorldManager.cpp">
      <Filter>源文件</Filter>
    </ClCompile>
    <ClCompile Include="Src\SubSystems\TimeManager.cpp">
      <Filter>源文件</Filter>
    </ClCompile>
    <ClCompile Include="Src\Objects\Material.cpp">
      <Filter>源文件</Filter>
    </ClCompile>
    <ClCompile Include="Src\Objects\Texture.cpp">
      <Filter>源文件</Filter>
    </ClCompile>
    <ClCompile Include="Src\Objects\Renderer.cpp">
      <Filter>源文件</Filter>
    </ClCompile>
    <ClCompile Include="Src\Objects\Shader.cpp">
      <Filter>源文件</Filter>
    </ClCompile>
    <ClCompile Include="Src\Interfaces\GraphicAPI.cpp">
      <Filter>源文件</Filter>
    </ClCompile>
    <ClCompile Include="Src\Objects\RenderTexture.cpp">
      <Filter>源文件</Filter>
    </ClCompile>
    <ClCompile Include="Src\Rendering\FBO.cpp">
      <Filter>源文件</Filter>
    </ClCompile>
  </ItemGroup>
  <ItemGroup>
    <ClInclude Include="Src\Objects\Camera.h">
      <Filter>头文件</Filter>
    </ClInclude>
    <ClInclude Include="Src\Objects\Light.h">
      <Filter>头文件</Filter>
    </ClInclude>
    <ClInclude Include="Src\Utils.h">
      <Filter>头文件</Filter>
    </ClInclude>
    <ClInclude Include="Src\Objects\Mesh.h">
      <Filter>头文件</Filter>
    </ClInclude>
    <ClInclude Include="Src\Objects\Object.h">
      <Filter>头文件</Filter>
    </ClInclude>
    <ClInclude Include="Src\Objects\BaseComponents.h">
      <Filter>头文件</Filter>
    </ClInclude>
    <ClInclude Include="Src\Objects\GameObject.h">
      <Filter>头文件</Filter>
    </ClInclude>
    <ClInclude Include="Src\Objects\World.h">
      <Filter>头文件</Filter>
    </ClInclude>
    <ClInclude Include="Src\SubSystems\FileSystem.h">
      <Filter>头文件</Filter>
    </ClInclude>
    <ClInclude Include="Src\SubSystems\ResourceManager.h">
      <Filter>头文件</Filter>
    </ClInclude>
    <ClInclude Include="Src\SubSystems\Debug.h">
      <Filter>头文件</Filter>
    </ClInclude>
    <ClInclude Include="Src\SubSystems\Profiler.h">
      <Filter>头文件</Filter>
    </ClInclude>
    <ClInclude Include="Src\Memory\Allocator.h">
      <Filter>头文件</Filter>
    </ClInclude>
    <ClInclude Include="Src\REWGE.h">
      <Filter>头文件</Filter>
    </ClInclude>
    <ClInclude Include="Src\Memory\StackAllocator.hpp">
      <Filter>头文件</Filter>
    </ClInclude>
    <ClInclude Include="Src\Application.h">
      <Filter>头文件</Filter>
    </ClInclude>
    <ClInclude Include="Src\SubSystems\RenderSystem.h">
      <Filter>头文件</Filter>
    </ClInclude>
    <ClInclude Include="Src\SubSystems\InputManager.h">
      <Filter>头文件</Filter>
    </ClInclude>
    <ClInclude Include="Src\SubSystems\WorldManager.h">
      <Filter>头文件</Filter>
    </ClInclude>
    <ClInclude Include="Src\SubSystems\TimeManager.h">
      <Filter>头文件</Filter>
    </ClInclude>
    <ClInclude Include="Src\Objects\Material.h">
      <Filter>头文件</Filter>
    </ClInclude>
    <ClInclude Include="Src\Objects\Texture.h">
      <Filter>头文件</Filter>
    </ClInclude>
    <ClInclude Include="Src\Objects\Renderer.h">
      <Filter>头文件</Filter>
    </ClInclude>
    <ClInclude Include="Src\Objects\Shader.h">
      <Filter>头文件</Filter>
    </ClInclude>
    <ClInclude Include="Src\Interfaces\GraphicAPI.h">
      <Filter>头文件</Filter>
    </ClInclude>
    <ClInclude Include="Src\Objects\RenderTexture.h">
      <Filter>头文件</Filter>
    </ClInclude>
    <ClInclude Include="Src\Rendering\FBO.h">
      <Filter>头文件</Filter>
    </ClInclude>
  </ItemGroup>
  <ItemGroup>
    <None Include="Src\Shaders\BlinnPhong.frag.glsl" />
    <None Include="Src\Shaders\BlinnPhong.vert.glsl" />
    <None Include="Src\Shaders\Cubemap.frag.glsl" />
    <None Include="Src\Shaders\Cubemap.vert.glsl" />
    <None Include="Src\Shaders\Shadow.frag.glsl" />
    <None Include="Src\Shaders\Shadow.vert.glsl" />
    <None Include="lib\mono\4.5\mscorlib.dll" />
    <None Include="DLL\glew32.dll" />
    <None Include="cpp.hint" />
  </ItemGroup>
</Project>